<?xml version="1.0" encoding="utf-8"?>
<Project ToolsVersion="4.0" xmlns="http://schemas.microsoft.com/developer/msbuild/2003">
  <ItemGroup>
    <Filter Include="Source files">
      <UniqueIdentifier>{7ed22547-ccfb-4b55-854b-4d99eb955310}</UniqueIdentifier>
      <Extensions>cpp;c;cc;cxx;def;odl;idl;hpj;bat;asm;asmx</Extensions>
    </Filter>
    <Filter Include="Header files">
      <UniqueIdentifier>{854f5b17-4c85-4314-8d0e-fda9a0c6155d}</UniqueIdentifier>
      <Extensions>h;hpp;hxx;hm;inl;inc;xsd</Extensions>
    </Filter>
    <Filter Include="Resource files">
      <UniqueIdentifier>{8a2ebd85-369a-4a78-99c8-827fe4641d04}</UniqueIdentifier>
      <Extensions>rc;ico;cur;bmp;dlg;rc2;rct;bin;rgs;gif;jpg;jpeg;jpe;resx;tiff;tif;png;wav</Extensions>
    </Filter>
    <Filter Include="Source files\CORE">
      <UniqueIdentifier>{1b8c8818-66fc-4dd5-b47a-76ea7c85dca6}</UniqueIdentifier>
    </Filter>
    <Filter Include="Source files\Startup">
      <UniqueIdentifier>{132f02a4-6969-4fa1-8724-5077a5009a60}</UniqueIdentifier>
    </Filter>
    <Filter Include="Source files\STM32Cube HAL">
      <UniqueIdentifier>{c1443fbc-b29c-49ce-8010-bc403c9f8f9d}</UniqueIdentifier>
    </Filter>
    <Filter Include="Source files\STM32Cube HAL\COMMON">
      <UniqueIdentifier>{f97bc911-531a-4bac-9c64-d83f83b643fa}</UniqueIdentifier>
    </Filter>
    <Filter Include="Source files\STM32Cube HAL\RCC">
      <UniqueIdentifier>{dfc5283b-01a5-438e-8314-fb7de4aafbdf}</UniqueIdentifier>
    </Filter>
    <Filter Include="Source files\STM32Cube HAL\CORTEX">
      <UniqueIdentifier>{1eeceb05-3b65-4076-ae55-041a9831dc87}</UniqueIdentifier>
    </Filter>
    <Filter Include="Source files\STM32Cube HAL\EXTI">
      <UniqueIdentifier>{59294db3-2181-4b61-a4ef-ca5e06dcda76}</UniqueIdentifier>
    </Filter>
    <Filter Include="Source files\STM32Cube HAL\TIM">
      <UniqueIdentifier>{e034f517-eb5e-4df2-8cf3-774d0bb2730c}</UniqueIdentifier>
    </Filter>
    <Filter Include="Source files\STM32Cube HAL\DMA">
      <UniqueIdentifier>{efc52c9e-f4bb-40f0-b17b-c6b8f9e52643}</UniqueIdentifier>
    </Filter>
    <Filter Include="Source files\STM32Cube HAL\PWR">
      <UniqueIdentifier>{d46cdb66-1fee-4bd7-9e34-b81cdd24cfce}</UniqueIdentifier>
    </Filter>
    <Filter Include="Source files\STM32Cube HAL\FLASH">
      <UniqueIdentifier>{1286fc1f-6f0d-4767-b911-b50623087824}</UniqueIdentifier>
    </Filter>
    <Filter Include="Source files\STM32Cube HAL\GPIO">
      <UniqueIdentifier>{8667771e-0ab6-4004-9706-08b1df514688}</UniqueIdentifier>
    </Filter>
    <Filter Include="Source files\Device-specific files">
      <UniqueIdentifier>{4de6d209-802b-4e7f-b0fe-7a350e226f7d}</UniqueIdentifier>
    </Filter>
    <Filter Include="Header files\CORE">
      <UniqueIdentifier>{5053d8ed-0d0c-408a-bcf3-2aabb8d1b9e5}</UniqueIdentifier>
    </Filter>
    <Filter Include="Header files\Startup">
      <UniqueIdentifier>{9d5370a2-728a-4a08-b3d3-3567dece53cf}</UniqueIdentifier>
    </Filter>
    <Filter Include="Header files\STM32Cube HAL">
      <UniqueIdentifier>{363428d6-12b2-481b-a44c-7dfc469197b6}</UniqueIdentifier>
    </Filter>
    <Filter Include="Header files\STM32Cube HAL\COMMON">
      <UniqueIdentifier>{ca455218-1779-4910-9cb0-c052fb04e2c7}</UniqueIdentifier>
    </Filter>
    <Filter Include="Header files\STM32Cube HAL\RCC">
      <UniqueIdentifier>{29908c97-5ce0-4085-985e-ad89365ab81d}</UniqueIdentifier>
    </Filter>
    <Filter Include="Header files\STM32Cube HAL\CORTEX">
      <UniqueIdentifier>{4bdc7d41-f1fb-4917-9ecf-ea445015f191}</UniqueIdentifier>
    </Filter>
    <Filter Include="Header files\STM32Cube HAL\EXTI">
      <UniqueIdentifier>{646e24f9-d41a-4d61-b3c9-49a4c7028c0a}</UniqueIdentifier>
    </Filter>
    <Filter Include="Header files\STM32Cube HAL\TIM">
      <UniqueIdentifier>{f4d89206-c344-4fba-a322-87e38f5643c3}</UniqueIdentifier>
    </Filter>
    <Filter Include="Header files\STM32Cube HAL\DMA">
      <UniqueIdentifier>{a0cec8cc-c450-4992-84f2-7cb5a319c9c5}</UniqueIdentifier>
    </Filter>
    <Filter Include="Header files\STM32Cube HAL\PWR">
      <UniqueIdentifier>{09bd1911-f423-4207-8a73-73f8873de4f7}</UniqueIdentifier>
    </Filter>
    <Filter Include="Header files\STM32Cube HAL\FLASH">
      <UniqueIdentifier>{7ebf74d6-74c2-4e17-bf66-331913bfabd4}</UniqueIdentifier>
    </Filter>
    <Filter Include="Header files\STM32Cube HAL\GPIO">
      <UniqueIdentifier>{2b845ed1-e871-4376-87f2-c1927433beba}</UniqueIdentifier>
    </Filter>
    <Filter Include="Header files\Device-specific files">
      <UniqueIdentifier>{5e63e9eb-4841-48ed-bb6f-586dd1a7ec55}</UniqueIdentifier>
    </Filter>
    <Filter Include="VisualGDB settings">
      <UniqueIdentifier>{b1a197a8-eed3-484a-86e4-b8daadae99bd}</UniqueIdentifier>
    </Filter>
    <Filter Include="Source files\STM32Cube HAL\FSMC">
      <UniqueIdentifier>{64706517-ca1c-40a3-9e1d-39c55e68a36b}</UniqueIdentifier>
    </Filter>
    <Filter Include="Source files\STM32Cube HAL\SRAM">
      <UniqueIdentifier>{da40d217-f8a1-4eec-b2f8-974c542da86f}</UniqueIdentifier>
    </Filter>
    <Filter Include="Source files\STM32Cube HAL\NAND">
      <UniqueIdentifier>{23fe9fa6-4624-4638-aed2-680308a3b638}</UniqueIdentifier>
    </Filter>
    <Filter Include="Source files\STM32Cube HAL\NOR">
      <UniqueIdentifier>{ad669700-f1bd-401c-81c9-9dcf87e81240}</UniqueIdentifier>
    </Filter>
    <Filter Include="Source files\STM32Cube HAL\PCCARD">
      <UniqueIdentifier>{77670d4c-4b16-4eda-93ae-efa95b93dfcb}</UniqueIdentifier>
    </Filter>
    <Filter Include="Header files\STM32Cube HAL\FSMC">
      <UniqueIdentifier>{29bc3efd-058c-4ea8-ac4d-220359bbb02a}</UniqueIdentifier>
    </Filter>
    <Filter Include="Header files\STM32Cube HAL\SRAM">
      <UniqueIdentifier>{d2b14f98-bc76-40d3-a910-2f9c306e3488}</UniqueIdentifier>
    </Filter>
    <Filter Include="Header files\STM32Cube HAL\NAND">
      <UniqueIdentifier>{6065764e-e77e-422f-9b20-9b3cefc6a2bb}</UniqueIdentifier>
    </Filter>
    <Filter Include="Header files\STM32Cube HAL\NOR">
      <UniqueIdentifier>{9975c9c6-048b-4406-92ae-af7501bbd64c}</UniqueIdentifier>
    </Filter>
    <Filter Include="Header files\STM32Cube HAL\PCCARD">
      <UniqueIdentifier>{0b14a5a8-08f5-48e9-83d5-b01e5a2d5c05}</UniqueIdentifier>
    </Filter>
    <Filter Include="Source files\STM32Cube HAL\ADC">
      <UniqueIdentifier>{963b92ba-e3f4-4e8b-b303-6878a0aff1dc}</UniqueIdentifier>
    </Filter>
    <Filter Include="Header files\STM32Cube HAL\ADC">
      <UniqueIdentifier>{7220d7e7-3195-44e1-ab02-390f5eaafdbd}</UniqueIdentifier>
    </Filter>
  </ItemGroup>
  <ItemGroup>
    <ClCompile Include="Src\gpio.c">
      <Filter>Source files</Filter>
    </ClCompile>
    <ClCompile Include="Src\tim.c">
      <Filter>Source files</Filter>
    </ClCompile>
    <ClCompile Include="Src\stm32f4xx_it.c">
      <Filter>Source files</Filter>
    </ClCompile>
    <ClCompile Include="Src\stm32f4xx_hal_msp.c">
      <Filter>Source files</Filter>
    </ClCompile>
    <ClCompile Include="Src\main.c">
      <Filter>Source files</Filter>
    </ClCompile>
    <ClCompile Include="Drivers\CMSIS\Device\ST\STM32F4xx\Source\Templates\system_stm32f4xx.c">
      <Filter>Source files\Startup</Filter>
    </ClCompile>
    <ClCompile Include="Drivers\STM32F4xx_HAL_Driver\Src\stm32f4xx_hal.c">
      <Filter>Source files\STM32Cube HAL\COMMON</Filter>
    </ClCompile>
    <ClCompile Include="Drivers\STM32F4xx_HAL_Driver\Src\stm32f4xx_hal_rcc.c">
      <Filter>Source files\STM32Cube HAL\RCC</Filter>
    </ClCompile>
    <ClCompile Include="Drivers\STM32F4xx_HAL_Driver\Src\stm32f4xx_hal_rcc_ex.c">
      <Filter>Source files\STM32Cube HAL\RCC</Filter>
    </ClCompile>
    <ClCompile Include="Drivers\STM32F4xx_HAL_Driver\Src\stm32f4xx_hal_cortex.c">
      <Filter>Source files\STM32Cube HAL\CORTEX</Filter>
    </ClCompile>
    <ClCompile Include="Drivers\STM32F4xx_HAL_Driver\Src\stm32f4xx_hal_exti.c">
      <Filter>Source files\STM32Cube HAL\EXTI</Filter>
    </ClCompile>
    <ClCompile Include="Drivers\STM32F4xx_HAL_Driver\Src\stm32f4xx_hal_tim.c">
      <Filter>Source files\STM32Cube HAL\TIM</Filter>
    </ClCompile>
    <ClCompile Include="Drivers\STM32F4xx_HAL_Driver\Src\stm32f4xx_hal_tim_ex.c">
      <Filter>Source files\STM32Cube HAL\TIM</Filter>
    </ClCompile>
    <ClCompile Include="Drivers\STM32F4xx_HAL_Driver\Src\stm32f4xx_hal_dma_ex.c">
      <Filter>Source files\STM32Cube HAL\DMA</Filter>
    </ClCompile>
    <ClCompile Include="Drivers\STM32F4xx_HAL_Driver\Src\stm32f4xx_hal_dma.c">
      <Filter>Source files\STM32Cube HAL\DMA</Filter>
    </ClCompile>
    <ClCompile Include="Drivers\STM32F4xx_HAL_Driver\Src\stm32f4xx_hal_pwr.c">
      <Filter>Source files\STM32Cube HAL\PWR</Filter>
    </ClCompile>
    <ClCompile Include="Drivers\STM32F4xx_HAL_Driver\Src\stm32f4xx_hal_pwr_ex.c">
      <Filter>Source files\STM32Cube HAL\PWR</Filter>
    </ClCompile>
    <ClCompile Include="Drivers\STM32F4xx_HAL_Driver\Src\stm32f4xx_hal_flash.c">
      <Filter>Source files\STM32Cube HAL\FLASH</Filter>
    </ClCompile>
    <ClCompile Include="Drivers\STM32F4xx_HAL_Driver\Src\stm32f4xx_hal_flash_ex.c">
      <Filter>Source files\STM32Cube HAL\FLASH</Filter>
    </ClCompile>
    <ClCompile Include="Drivers\STM32F4xx_HAL_Driver\Src\stm32f4xx_hal_flash_ramfunc.c">
      <Filter>Source files\STM32Cube HAL\FLASH</Filter>
    </ClCompile>
    <ClCompile Include="Drivers\STM32F4xx_HAL_Driver\Src\stm32f4xx_hal_gpio.c">
      <Filter>Source files\STM32Cube HAL\GPIO</Filter>
    </ClCompile>
    <None Include="stm32.props">
      <Filter>Source files\Device-specific files</Filter>
    </None>
    <ClCompile Include="$(BSP_ROOT)\STM32F4xxxx\StartupFiles\startup_stm32f407xx.c">
      <Filter>Source files\Device-specific files</Filter>
    </ClCompile>
    <ClInclude Include="Inc\gpio.h">
      <Filter>Header files</Filter>
    </ClInclude>
    <ClInclude Include="Inc\tim.h">
      <Filter>Header files</Filter>
    </ClInclude>
    <ClInclude Include="Inc\stm32f4xx_it.h">
      <Filter>Header files</Filter>
    </ClInclude>
    <ClInclude Include="Inc\stm32f4xx_hal_conf.h">
      <Filter>Header files</Filter>
    </ClInclude>
    <ClInclude Include="Inc\main.h">
      <Filter>Header files</Filter>
    </ClInclude>
    <ClInclude Include="Drivers\CMSIS\Include\core_cm4.h">
      <Filter>Header files\CORE</Filter>
    </ClInclude>
    <ClInclude Include="Drivers\CMSIS\Device\ST\STM32F4xx\Include\stm32f4xx.h">
      <Filter>Header files\Startup</Filter>
    </ClInclude>
    <ClInclude Include="Drivers\CMSIS\Device\ST\STM32F4xx\Include\system_stm32f4xx.h">
      <Filter>Header files\Startup</Filter>
    </ClInclude>
    <ClInclude Include="Drivers\STM32F4xx_HAL_Driver\Inc\stm32f4xx_hal.h">
      <Filter>Header files\STM32Cube HAL\COMMON</Filter>
    </ClInclude>
    <ClInclude Include="Drivers\STM32F4xx_HAL_Driver\Inc\Legacy\stm32_hal_legacy.h">
      <Filter>Header files\STM32Cube HAL\COMMON</Filter>
    </ClInclude>
    <ClInclude Include="Drivers\STM32F4xx_HAL_Driver\Inc\stm32f4xx_hal_def.h">
      <Filter>Header files\STM32Cube HAL\COMMON</Filter>
    </ClInclude>
    <ClInclude Include="Drivers\STM32F4xx_HAL_Driver\Inc\stm32f4xx_hal_rcc.h">
      <Filter>Header files\STM32Cube HAL\RCC</Filter>
    </ClInclude>
    <ClInclude Include="Drivers\STM32F4xx_HAL_Driver\Inc\stm32f4xx_hal_rcc_ex.h">
      <Filter>Header files\STM32Cube HAL\RCC</Filter>
    </ClInclude>
    <ClInclude Include="Drivers\STM32F4xx_HAL_Driver\Inc\stm32f4xx_hal_cortex.h">
      <Filter>Header files\STM32Cube HAL\CORTEX</Filter>
    </ClInclude>
    <ClInclude Include="Drivers\STM32F4xx_HAL_Driver\Inc\stm32f4xx_hal_exti.h">
      <Filter>Header files\STM32Cube HAL\EXTI</Filter>
    </ClInclude>
    <ClInclude Include="Drivers\STM32F4xx_HAL_Driver\Inc\stm32f4xx_hal_tim.h">
      <Filter>Header files\STM32Cube HAL\TIM</Filter>
    </ClInclude>
    <ClInclude Include="Drivers\STM32F4xx_HAL_Driver\Inc\stm32f4xx_hal_tim_ex.h">
      <Filter>Header files\STM32Cube HAL\TIM</Filter>
    </ClInclude>
    <ClInclude Include="Drivers\STM32F4xx_HAL_Driver\Inc\stm32f4xx_hal_dma_ex.h">
      <Filter>Header files\STM32Cube HAL\DMA</Filter>
    </ClInclude>
    <ClInclude Include="Drivers\STM32F4xx_HAL_Driver\Inc\stm32f4xx_hal_dma.h">
      <Filter>Header files\STM32Cube HAL\DMA</Filter>
    </ClInclude>
    <ClInclude Include="Drivers\STM32F4xx_HAL_Driver\Inc\stm32f4xx_hal_pwr.h">
      <Filter>Header files\STM32Cube HAL\PWR</Filter>
    </ClInclude>
    <ClInclude Include="Drivers\STM32F4xx_HAL_Driver\Inc\stm32f4xx_hal_pwr_ex.h">
      <Filter>Header files\STM32Cube HAL\PWR</Filter>
    </ClInclude>
    <ClInclude Include="Drivers\STM32F4xx_HAL_Driver\Inc\stm32f4xx_hal_flash.h">
      <Filter>Header files\STM32Cube HAL\FLASH</Filter>
    </ClInclude>
    <ClInclude Include="Drivers\STM32F4xx_HAL_Driver\Inc\stm32f4xx_hal_flash_ex.h">
      <Filter>Header files\STM32Cube HAL\FLASH</Filter>
    </ClInclude>
    <ClInclude Include="Drivers\STM32F4xx_HAL_Driver\Inc\stm32f4xx_hal_flash_ramfunc.h">
      <Filter>Header files\STM32Cube HAL\FLASH</Filter>
    </ClInclude>
    <ClInclude Include="Drivers\STM32F4xx_HAL_Driver\Inc\stm32f4xx_hal_gpio.h">
      <Filter>Header files\STM32Cube HAL\GPIO</Filter>
    </ClInclude>
    <ClInclude Include="Drivers\STM32F4xx_HAL_Driver\Inc\stm32f4xx_hal_gpio_ex.h">
      <Filter>Header files\STM32Cube HAL\GPIO</Filter>
    </ClInclude>
    <None Include="Thesecondpractice-Debug.vgdbsettings">
      <Filter>VisualGDB settings</Filter>
    </None>
    <None Include="Thesecondpractice-Release.vgdbsettings">
      <Filter>VisualGDB settings</Filter>
    </None>
    <None Include="stm32.xml">
      <Filter>VisualGDB settings</Filter>
    </None>
    <ClCompile Include="Src\fsmc.c">
      <Filter>Source files</Filter>
    </ClCompile>
    <ClCompile Include="Drivers\STM32F4xx_HAL_Driver\Src\stm32f4xx_ll_fsmc.c">
      <Filter>Source files\STM32Cube HAL\FSMC</Filter>
    </ClCompile>
    <ClCompile Include="Drivers\STM32F4xx_HAL_Driver\Src\stm32f4xx_hal_sram.c">
      <Filter>Source files\STM32Cube HAL\SRAM</Filter>
    </ClCompile>
    <ClInclude Include="Inc\fsmc.h">
      <Filter>Header files</Filter>
    </ClInclude>
    <ClInclude Include="Drivers\STM32F4xx_HAL_Driver\Inc\stm32f4xx_ll_fsmc.h">
      <Filter>Header files\STM32Cube HAL\FSMC</Filter>
    </ClInclude>
    <ClInclude Include="Drivers\STM32F4xx_HAL_Driver\Inc\stm32f4xx_hal_sram.h">
      <Filter>Header files\STM32Cube HAL\SRAM</Filter>
    </ClInclude>
    <ClCompile Include="Src\ili9341.c">
      <Filter>Source files</Filter>
    </ClCompile>
    <ClCompile Include="Src\delay.c">
      <Filter>Source files</Filter>
    </ClCompile>
    <ClCompile Include="Src\adc.c">
      <Filter>Source files</Filter>
    </ClCompile>
    <ClCompile Include="Drivers\STM32F4xx_HAL_Driver\Src\stm32f4xx_hal_adc.c">
      <Filter>Source files\STM32Cube HAL\ADC</Filter>
    </ClCompile>
    <ClCompile Include="Drivers\STM32F4xx_HAL_Driver\Src\stm32f4xx_hal_adc_ex.c">
      <Filter>Source files\STM32Cube HAL\ADC</Filter>
    </ClCompile>
    <ClInclude Include="Inc\adc.h">
      <Filter>Header files</Filter>
    </ClInclude>
    <ClInclude Include="Drivers\STM32F4xx_HAL_Driver\Inc\stm32f4xx_hal_adc.h">
      <Filter>Header files\STM32Cube HAL\ADC</Filter>
    </ClInclude>
    <ClInclude Include="Drivers\STM32F4xx_HAL_Driver\Inc\stm32f4xx_hal_adc_ex.h">
      <Filter>Header files\STM32Cube HAL\ADC</Filter>
    </ClInclude>
    <ClCompile Include="Src\dma.c">
      <Filter>Source files</Filter>
    </ClCompile>
    <ClInclude Include="Inc\dma.h">
      <Filter>Header files</Filter>
    </ClInclude>
    <ClCompile Include="Src\xpt2046.c">
      <Filter>Source files</Filter>
    </ClCompile>
    <ClCompile Include="Src\9834.c">
      <Filter>Source files</Filter>
    </ClCompile>
    <ClCompile Include="game.c">
      <Filter>Source files</Filter>
    </ClCompile>
    <ClCompile Include="race_car.c">
      <Filter>Source files</Filter>
    </ClCompile>
  </ItemGroup>
  <ItemGroup>
    <ClInclude Include="Inc\ili9341.h">
      <Filter>Header files</Filter>
    </ClInclude>
    <ClInclude Include="Inc\delay.h">
      <Filter>Header files</Filter>
    </ClInclude>
    <ClInclude Include="Inc\xpt2046.h">
      <Filter>Header files</Filter>
    </ClInclude>
    <ClInclude Include="Inc\9834.h">
      <Filter>Header files</Filter>
    </ClInclude>
    <ClInclude Include="game.h">
      <Filter>Header files</Filter>
    </ClInclude>
    <ClInclude Include="race_car.h">
      <Filter>Header files</Filter>
    </ClInclude>
  </ItemGroup>
</Project>